// !$*UTF8*$!
{
	archiveVersion = 1;
	classes = {
	};
	objectVersion = 46;
	objects = {

/* Begin PBXBuildFile section */
		6F209C911E967C0B0048A20D /* ScaleSegue.swift in Sources */ = {isa = PBXBuildFile; fileRef = 6F209C901E967C0B0048A20D /* ScaleSegue.swift */; };
		6F64C4751E9606CB005FB41E /* PuzzleGameViewController.swift in Sources */ = {isa = PBXBuildFile; fileRef = 6F64C4741E9606CB005FB41E /* PuzzleGameViewController.swift */; };
		F0F80BA61E936C0B00557DEB /* AppDelegate.swift in Sources */ = {isa = PBXBuildFile; fileRef = F0F80BA51E936C0B00557DEB /* AppDelegate.swift */; };
		F0F80BA81E936C0B00557DEB /* ViewController.swift in Sources */ = {isa = PBXBuildFile; fileRef = F0F80BA71E936C0B00557DEB /* ViewController.swift */; };
		F0F80BAB1E936C0B00557DEB /* Main.storyboard in Resources */ = {isa = PBXBuildFile; fileRef = F0F80BA91E936C0B00557DEB /* Main.storyboard */; };
		F0F80BAD1E936C0B00557DEB /* Assets.xcassets in Resources */ = {isa = PBXBuildFile; fileRef = F0F80BAC1E936C0B00557DEB /* Assets.xcassets */; };
		F0F80BB01E936C0B00557DEB /* LaunchScreen.storyboard in Resources */ = {isa = PBXBuildFile; fileRef = F0F80BAE1E936C0B00557DEB /* LaunchScreen.storyboard */; };
/* End PBXBuildFile section */

/* Begin PBXFileReference section */
		6F209C901E967C0B0048A20D /* ScaleSegue.swift */ = {isa = PBXFileReference; fileEncoding = 4; lastKnownFileType = sourcecode.swift; path = ScaleSegue.swift; sourceTree = "<group>"; };
		6F64C4741E9606CB005FB41E /* PuzzleGameViewController.swift */ = {isa = PBXFileReference; fileEncoding = 4; lastKnownFileType = sourcecode.swift; name = PuzzleGameViewController.swift; path = ../PuzzleGameViewController.swift; sourceTree = "<group>"; };
		F0F80BA21E936C0B00557DEB /* SolveThePuzzle.app */ = {isa = PBXFileReference; explicitFileType = wrapper.application; includeInIndex = 0; path = SolveThePuzzle.app; sourceTree = BUILT_PRODUCTS_DIR; };
		F0F80BA51E936C0B00557DEB /* AppDelegate.swift */ = {isa = PBXFileReference; lastKnownFileType = sourcecode.swift; path = AppDelegate.swift; sourceTree = "<group>"; };
		F0F80BA71E936C0B00557DEB /* ViewController.swift */ = {isa = PBXFileReference; lastKnownFileType = sourcecode.swift; path = ViewController.swift; sourceTree = "<group>"; };
		F0F80BAA1E936C0B00557DEB /* Base */ = {isa = PBXFileReference; lastKnownFileType = file.storyboard; name = Base; path = Base.lproj/Main.storyboard; sourceTree = "<group>"; };
		F0F80BAC1E936C0B00557DEB /* Assets.xcassets */ = {isa = PBXFileReference; lastKnownFileType = folder.assetcatalog; path = Assets.xcassets; sourceTree = "<group>"; };
		F0F80BAF1E936C0B00557DEB /* Base */ = {isa = PBXFileReference; lastKnownFileType = file.storyboard; name = Base; path = Base.lproj/LaunchScreen.storyboard; sourceTree = "<group>"; };
		F0F80BB11E936C0B00557DEB /* Info.plist */ = {isa = PBXFileReference; lastKnownFileType = text.plist.xml; path = Info.plist; sourceTree = "<group>"; };
/* End PBXFileReference section */

/* Begin PBXFrameworksBuildPhase section */
		F0F80B9F1E936C0B00557DEB /* Frameworks */ = {
			isa = PBXFrameworksBuildPhase;
			buildActionMask = 2147483647;
			files = (
			);
			runOnlyForDeploymentPostprocessing = 0;
		};
/* End PBXFrameworksBuildPhase section */

/* Begin PBXGroup section */
		F0F80B991E936C0B00557DEB = {
			isa = PBXGroup;
			children = (
				F0F80BA41E936C0B00557DEB /* SolveThePuzzle */,
				F0F80BA31E936C0B00557DEB /* Products */,
			);
			sourceTree = "<group>";
		};
		F0F80BA31E936C0B00557DEB /* Products */ = {
			isa = PBXGroup;
			children = (
				F0F80BA21E936C0B00557DEB /* SolveThePuzzle.app */,
			);
			name = Products;
			sourceTree = "<group>";
		};
		F0F80BA41E936C0B00557DEB /* SolveThePuzzle */ = {
			isa = PBXGroup;
			children = (
				F0F80BA51E936C0B00557DEB /* AppDelegate.swift */,
				6F209C901E967C0B0048A20D /* ScaleSegue.swift */,
				F0F80BA71E936C0B00557DEB /* ViewController.swift */,
				6F64C4741E9606CB005FB41E /* PuzzleGameViewController.swift */,
				F0F80BA91E936C0B00557DEB /* Main.storyboard */,
				F0F80BAC1E936C0B00557DEB /* Assets.xcassets */,
				F0F80BAE1E936C0B00557DEB /* LaunchScreen.storyboard */,
				F0F80BB11E936C0B00557DEB /* Info.plist */,
			);
			path = SolveThePuzzle;
			sourceTree = "<group>";
		};
/* End PBXGroup section */

/* Begin PBXNativeTarget section */
		F0F80BA11E936C0B00557DEB /* SolveThePuzzle */ = {
			isa = PBXNativeTarget;
			buildConfigurationList = F0F80BB41E936C0B00557DEB /* Build configuration list for PBXNativeTarget "SolveThePuzzle" */;
			buildPhases = (
				F0F80B9E1E936C0B00557DEB /* Sources */,
				F0F80B9F1E936C0B00557DEB /* Frameworks */,
				F0F80BA01E936C0B00557DEB /* Resources */,
			);
			buildRules = (
			);
			dependencies = (
			);
			name = SolveThePuzzle;
			productName = SolveThePuzzle;
			productReference = F0F80BA21E936C0B00557DEB /* SolveThePuzzle.app */;
			productType = "com.apple.product-type.application";
		};
/* End PBXNativeTarget section */

/* Begin PBXProject section */
		F0F80B9A1E936C0B00557DEB /* Project object */ = {
			isa = PBXProject;
			attributes = {
				LastSwiftUpdateCheck = 0800;
				LastUpgradeCheck = 0800;
				ORGANIZATIONNAME = "Amritpal Singh";
				TargetAttributes = {
					F0F80BA11E936C0B00557DEB = {
						CreatedOnToolsVersion = 8.0;
						ProvisioningStyle = Automatic;
					};
				};
			};
			buildConfigurationList = F0F80B9D1E936C0B00557DEB /* Build configuration list for PBXProject "SolveThePuzzle" */;
			compatibilityVersion = "Xcode 3.2";
			developmentRegion = English;
			hasScannedForEncodings = 0;
			knownRegions = (
				en,
				Base,
			);
			mainGroup = F0F80B991E936C0B00557DEB;
			productRefGroup = F0F80BA31E936C0B00557DEB /* Products */;
			projectDirPath = "";
			projectRoot = "";
			targets = (
				F0F80BA11E936C0B00557DEB /* SolveThePuzzle */,
			);
		};
/* End PBXProject section */

/* Begin PBXResourcesBuildPhase section */
		F0F80BA01E936C0B00557DEB /* Resources */ = {
			isa = PBXResourcesBuildPhase;
			buildActionMask = 2147483647;
			files = (
				F0F80BB01E936C0B00557DEB /* LaunchScreen.storyboard in Resources */,
				F0F80BAD1E936C0B00557DEB /* Assets.xcassets in Resources */,
				F0F80BAB1E936C0B00557DEB /* Main.storyboard in Resources */,
			);
			runOnlyForDeploymentPostprocessing = 0;
		};
/* End PBXResourcesBuildPhase section */

/* Begin PBXSourcesBuildPhase section */
		F0F80B9E1E936C0B00557DEB /* Sources */ = {
			isa = PBXSourcesBuildPhase;
			buildActionMask = 2147483647;
			files = (
				6F209C911E967C0B0048A20D /* ScaleSegue.swift in Sources */,
				6F64C4751E9606CB005FB41E /* PuzzleGameViewController.swift in Sources */,
				F0F80BA81E936C0B00557DEB /* ViewController.swift in Sources */,
				F0F80BA61E936C0B00557DEB /* AppDelegate.swift in Sources */,
			);
			runOnlyForDeploymentPostprocessing = 0;
		};
/* End PBXSourcesBuildPhase section */

/* Begin PBXVariantGroup section */
		F0F80BA91E936C0B00557DEB /* Main.storyboard */ = {
			isa = PBXVariantGroup;
			children = (
				F0F80BAA1E936C0B00557DEB /* Base */,
			);
			name = Main.storyboard;
			sourceTree = "<group>";
		};
		F0F80BAE1E936C0B00557DEB /* LaunchScreen.storyboard */ = {
			isa = PBXVariantGroup;
			children = (
				F0F80BAF1E936C0B00557DEB /* Base */,
			);
			name = LaunchScreen.storyboard;
			sourceTree = "<group>";
		};
/* End PBXVariantGroup section */

/* Begin XCBuildConfiguration section */
		F0F80BB21E936C0B00557DEB /* Debug */ = {
			isa = XCBuildConfiguration;
			buildSettings = {
				ALWAYS_SEARCH_USER_PATHS = NO;
				CLANG_ANALYZER_NONNULL = YES;
				CLANG_CXX_LANGUAGE_STANDARD = "gnu++0x";
				CLANG_CXX_LIBRARY = "libc++";
				CLANG_ENABLE_MODULES = YES;
				CLANG_ENABLE_OBJC_ARC = YES;
				CLANG_WARN_BOOL_CONVERSION = YES;
				CLANG_WARN_CONSTANT_CONVERSION = YES;
				CLANG_WARN_DIRECT_OBJC_ISA_USAGE = YES_ERROR;
				CLANG_WARN_DOCUMENTATION_COMMENTS = YES;
				CLANG_WARN_EMPTY_BODY = YES;
				CLANG_WARN_ENUM_CONVERSION = YES;
				CLANG_WARN_INFINITE_RECURSION = YES;
				CLANG_WARN_INT_CONVERSION = YES;
				CLANG_WARN_OBJC_ROOT_CLASS = YES_ERROR;
				CLANG_WARN_SUSPICIOUS_MOVES = YES;
				CLANG_WARN_UNREACHABLE_CODE = YES;
				CLANG_WARN__DUPLICATE_METHOD_MATCH = YES;
				"CODE_SIGN_IDENTITY[sdk=iphoneos*]" = "iPhone Developer";
				COPY_PHASE_STRIP = NO;
				DEBUG_INFORMATION_FORMAT = dwarf;
				ENABLE_STRICT_OBJC_MSGSEND = YES;
				ENABLE_TESTABILITY = YES;
				GCC_C_LANGUAGE_STANDARD = gnu99;
				GCC_DYNAMIC_NO_PIC = NO;
				GCC_NO_COMMON_BLOCKS = YES;
				GCC_OPTIMIZATION_LEVEL = 0;
				GCC_PREPROCESSOR_DEFINITIONS = (
					"DEBUG=1",
					"$(inherited)",
				);
				GCC_WARN_64_TO_32_BIT_CONVERSION = YES;
				GCC_WARN_ABOUT_RETURN_TYPE = YES_ERROR;
				GCC_WARN_UNDECLARED_SELECTOR = YES;
				GCC_WARN_UNINITIALIZED_AUTOS = YES_AGGRESSIVE;
				GCC_WARN_UNUSED_FUNCTION = YES;
				GCC_WARN_UNUSED_VARIABLE = YES;
				IPHONEOS_DEPLOYMENT_TARGET = 10.0;
				MTL_ENABLE_DEBUG_INFO = YES;
				ONLY_ACTIVE_ARCH = YES;
				SDKROOT = iphoneos;
				SWIFT_ACTIVE_COMPILATION_CONDITIONS = DEBUG;
				SWIFT_OPTIMIZATION_LEVEL = "-Onone";
				TARGETED_DEVICE_FAMILY = "1,2";
			};
			name = Debug;
		};
		F0F80BB31E936C0B00557DEB /* Release */ = {
			isa = XCBuildConfiguration;
			buildSettings = {
				ALWAYS_SEARCH_USER_PATHS = NO;
				CLANG_ANALYZER_NONNULL = YES;
				CLANG_CXX_LANGUAGE_STANDARD = "gnu++0x";
				CLANG_CXX_LIBRARY = "libc++";
				CLANG_ENABLE_MODULES = YES;
				CLANG_ENABLE_OBJC_ARC = YES;
				CLANG_WARN_BOOL_CONVERSION = YES;
				CLANG_WARN_CONSTANT_CONVERSION = YES;
				CLANG_WARN_DIRECT_OBJC_ISA_USAGE = YES_ERROR;
				CLANG_WARN_DOCUMENTATION_COMMENTS = YES;
				CLANG_WARN_EMPTY_BODY = YES;
				CLANG_WARN_ENUM_CONVERSION = YES;
				CLANG_WARN_INFINITE_RECURSION = YES;
				CLANG_WARN_INT_CONVERSION = YES;
				CLANG_WARN_OBJC_ROOT_CLASS = YES_ERROR;
				CLANG_WARN_SUSPICIOUS_MOVES = YES;
				CLANG_WARN_UNREACHABLE_CODE = YES;
				CLANG_WARN__DUPLICATE_METHOD_MATCH = YES;
				"CODE_SIGN_IDENTITY[sdk=iphoneos*]" = "iPhone Developer";
				COPY_PHASE_STRIP = NO;
				DEBUG_INFORMATION_FORMAT = "dwarf-with-dsym";
				ENABLE_NS_ASSERTIONS = NO;
				ENABLE_STRICT_OBJC_MSGSEND = YES;
				GCC_C_LANGUAGE_STANDARD = gnu99;
				GCC_NO_COMMON_BLOCKS = YES;
				GCC_WARN_64_TO_32_BIT_CONVERSION = YES;
				GCC_WARN_ABOUT_RETURN_TYPE = YES_ERROR;
				GCC_WARN_UNDECLARED_SELECTOR = YES;
				GCC_WARN_UNINITIALIZED_AUTOS = YES_AGGRESSIVE;
				GCC_WARN_UNUSED_FUNCTION = YES;
				GCC_WARN_UNUSED_VARIABLE = YES;
				IPHONEOS_DEPLOYMENT_TARGET = 10.0;
				MTL_ENABLE_DEBUG_INFO = NO;
				SDKROOT = iphoneos;
				SWIFT_OPTIMIZATION_LEVEL = "-Owholemodule";
				TARGETED_DEVICE_FAMILY = "1,2";
				VALIDATE_PRODUCT = YES;
			};
			name = Release;
		};
		F0F80BB51E936C0B00557DEB /* Debug */ = {
			isa = XCBuildConfiguration;
			buildSettings = {
				ASSETCATALOG_COMPILER_APPICON_NAME = AppIcon;
				INFOPLIST_FILE = SolveThePuzzle/Info.plist;
				LD_RUNPATH_SEARCH_PATHS = "$(inherited) @executable_path/Frameworks";
				PRODUCT_BUNDLE_IDENTIFIER = au.edu.deakin.SolveThePuzzle;
				PRODUCT_NAME = "$(TARGET_NAME)";
				SWIFT_VERSION = 3.0;
			};
			name = Debug;
		};
		F0F80BB61E936C0B00557DEB /* Release */ = {
			isa = XCBuildConfiguration;
			buildSettings = {
				ASSETCATALOG_COMPILER_APPICON_NAME = AppIcon;
				INFOPLIST_FILE = SolveThePuzzle/Info.plist;
				LD_RUNPATH_SEARCH_PATHS = "$(inherited) @executable_path/Frameworks";
				PRODUCT_BUNDLE_IDENTIFIER = au.edu.deakin.SolveThePuzzle;
				PRODUCT_NAME = "$(TARGET_NAME)";
				SWIFT_VERSION = 3.0;
			};
			name = Release;
		};
/* End XCBuildConfiguration section */

/* Begin XCConfigurationList section */
		F0F80B9D1E936C0B00557DEB /* Build configuration list for PBXProject "SolveThePuzzle" */ = {
			isa = XCConfigurationList;
			buildConfigurations = (
				F0F80BB21E936C0B00557DEB /* Debug */,
				F0F80BB31E936C0B00557DEB /* Release */,
			);
			defaultConfigurationIsVisible = 0;
			defaultConfigurationName = Release;
		};
		F0F80BB41E936C0B00557DEB /* Build configuration list for PBXNativeTarget "SolveThePuzzle" */ = {
			isa = XCConfigurationList;
			buildConfigurations = (
				F0F80BB51E936C0B00557DEB /* Debug */,
				F0F80BB61E936C0B00557DEB /* Release */,
			);
			defaultConfigurationIsVisible = 0;
			defaultConfigurationName = Release;
		};
/* End XCConfigurationList section */
	};
	rootObject = F0F80B9A1E936C0B00557DEB /* Project object */;
}
