// !$*UTF8*$!
{
	archiveVersion = 1;
	classes = {
	};
	objectVersion = 46;
	objects = {

/* Begin PBXBuildFile section */
		6F20D5381EC889A400006977 /* AppDelegate.swift in Sources */ = {isa = PBXBuildFile; fileRef = 6F20D5371EC889A400006977 /* AppDelegate.swift */; };
		6F20D53A1EC889A400006977 /* ViewController.swift in Sources */ = {isa = PBXBuildFile; fileRef = 6F20D5391EC889A400006977 /* ViewController.swift */; };
		6F20D5401EC889A400006977 /* SolveThePuzzle.xcdatamodeld in Sources */ = {isa = PBXBuildFile; fileRef = 6F20D53E1EC889A400006977 /* SolveThePuzzle.xcdatamodeld */; };
		6F20D5421EC889A400006977 /* Assets.xcassets in Resources */ = {isa = PBXBuildFile; fileRef = 6F20D5411EC889A400006977 /* Assets.xcassets */; };
		6F20D5451EC889A400006977 /* LaunchScreen.storyboard in Resources */ = {isa = PBXBuildFile; fileRef = 6F20D5431EC889A400006977 /* LaunchScreen.storyboard */; };
		6F20D5501EC889A400006977 /* SolveThePuzzleTests.swift in Sources */ = {isa = PBXBuildFile; fileRef = 6F20D54F1EC889A400006977 /* SolveThePuzzleTests.swift */; };
		6F20D55B1EC889A400006977 /* SolveThePuzzleUITests.swift in Sources */ = {isa = PBXBuildFile; fileRef = 6F20D55A1EC889A400006977 /* SolveThePuzzleUITests.swift */; };
		6F20D56B1EC88A3800006977 /* Main.storyboard in Resources */ = {isa = PBXBuildFile; fileRef = 6F20D56A1EC88A3800006977 /* Main.storyboard */; };
		6F20D56E1EC8902500006977 /* buttonSFX.wav in Resources */ = {isa = PBXBuildFile; fileRef = 6F20D56C1EC8902500006977 /* buttonSFX.wav */; };
		6F20D56F1EC8902500006977 /* LittleIdea.mp3 in Resources */ = {isa = PBXBuildFile; fileRef = 6F20D56D1EC8902500006977 /* LittleIdea.mp3 */; };
		6F20D5711EC8906700006977 /* PuzzleSelectionViewController.swift in Sources */ = {isa = PBXBuildFile; fileRef = 6F20D5701EC8906700006977 /* PuzzleSelectionViewController.swift */; };
		6F20D5731EC8912700006977 /* ScaleSegue.swift in Sources */ = {isa = PBXBuildFile; fileRef = 6F20D5721EC8912700006977 /* ScaleSegue.swift */; };
		6F20D5751EC8926400006977 /* GameViewController.swift in Sources */ = {isa = PBXBuildFile; fileRef = 6F20D5741EC8926400006977 /* GameViewController.swift */; };
		6F20D5771EC8926A00006977 /* PuzzleGameViewController.swift in Sources */ = {isa = PBXBuildFile; fileRef = 6F20D5761EC8926A00006977 /* PuzzleGameViewController.swift */; };
		F022647F1EC9AAB20071BA53 /* Store.swift in Sources */ = {isa = PBXBuildFile; fileRef = F022647E1EC9AAB20071BA53 /* Store.swift */; };
		F02264841EC9E3E50071BA53 /* Gameplay.mp3 in Resources */ = {isa = PBXBuildFile; fileRef = F02264801EC9E3E50071BA53 /* Gameplay.mp3 */; };
		F02264851EC9E3E50071BA53 /* applause.wav in Resources */ = {isa = PBXBuildFile; fileRef = F02264811EC9E3E50071BA53 /* applause.wav */; };
		F02264861EC9E3E50071BA53 /* puzzle-slide.mp3 in Resources */ = {isa = PBXBuildFile; fileRef = F02264821EC9E3E50071BA53 /* puzzle-slide.mp3 */; };
		F02264871EC9E3E50071BA53 /* button-click.wav in Resources */ = {isa = PBXBuildFile; fileRef = F02264831EC9E3E50071BA53 /* button-click.wav */; };
		F02418231EC99F9D0011ACFE /* StoreListTVC.swift in Sources */ = {isa = PBXBuildFile; fileRef = F02418221EC99F9D0011ACFE /* StoreListTVC.swift */; };
/* End PBXBuildFile section */

/* Begin PBXContainerItemProxy section */
		6F20D54C1EC889A400006977 /* PBXContainerItemProxy */ = {
			isa = PBXContainerItemProxy;
			containerPortal = 6F20D52C1EC889A400006977 /* Project object */;
			proxyType = 1;
			remoteGlobalIDString = 6F20D5331EC889A400006977;
			remoteInfo = SolveThePuzzle;
		};
		6F20D5571EC889A400006977 /* PBXContainerItemProxy */ = {
			isa = PBXContainerItemProxy;
			containerPortal = 6F20D52C1EC889A400006977 /* Project object */;
			proxyType = 1;
			remoteGlobalIDString = 6F20D5331EC889A400006977;
			remoteInfo = SolveThePuzzle;
		};
/* End PBXContainerItemProxy section */

/* Begin PBXFileReference section */
		6F20D5341EC889A400006977 /* SolveThePuzzle.app */ = {isa = PBXFileReference; explicitFileType = wrapper.application; includeInIndex = 0; path = SolveThePuzzle.app; sourceTree = BUILT_PRODUCTS_DIR; };
		6F20D5371EC889A400006977 /* AppDelegate.swift */ = {isa = PBXFileReference; lastKnownFileType = sourcecode.swift; path = AppDelegate.swift; sourceTree = "<group>"; };
		6F20D5391EC889A400006977 /* ViewController.swift */ = {isa = PBXFileReference; lastKnownFileType = sourcecode.swift; path = ViewController.swift; sourceTree = "<group>"; };
		6F20D53F1EC889A400006977 /* SolveThePuzzle.xcdatamodel */ = {isa = PBXFileReference; lastKnownFileType = wrapper.xcdatamodel; path = SolveThePuzzle.xcdatamodel; sourceTree = "<group>"; };
		6F20D5411EC889A400006977 /* Assets.xcassets */ = {isa = PBXFileReference; lastKnownFileType = folder.assetcatalog; path = Assets.xcassets; sourceTree = "<group>"; };
		6F20D5441EC889A400006977 /* Base */ = {isa = PBXFileReference; lastKnownFileType = file.storyboard; name = Base; path = Base.lproj/LaunchScreen.storyboard; sourceTree = "<group>"; };
		6F20D5461EC889A400006977 /* Info.plist */ = {isa = PBXFileReference; lastKnownFileType = text.plist.xml; path = Info.plist; sourceTree = "<group>"; };
		6F20D54B1EC889A400006977 /* SolveThePuzzleTests.xctest */ = {isa = PBXFileReference; explicitFileType = wrapper.cfbundle; includeInIndex = 0; path = SolveThePuzzleTests.xctest; sourceTree = BUILT_PRODUCTS_DIR; };
		6F20D54F1EC889A400006977 /* SolveThePuzzleTests.swift */ = {isa = PBXFileReference; lastKnownFileType = sourcecode.swift; path = SolveThePuzzleTests.swift; sourceTree = "<group>"; };
		6F20D5511EC889A400006977 /* Info.plist */ = {isa = PBXFileReference; lastKnownFileType = text.plist.xml; path = Info.plist; sourceTree = "<group>"; };
		6F20D5561EC889A400006977 /* SolveThePuzzleUITests.xctest */ = {isa = PBXFileReference; explicitFileType = wrapper.cfbundle; includeInIndex = 0; path = SolveThePuzzleUITests.xctest; sourceTree = BUILT_PRODUCTS_DIR; };
		6F20D55A1EC889A400006977 /* SolveThePuzzleUITests.swift */ = {isa = PBXFileReference; lastKnownFileType = sourcecode.swift; path = SolveThePuzzleUITests.swift; sourceTree = "<group>"; };
		6F20D55C1EC889A400006977 /* Info.plist */ = {isa = PBXFileReference; lastKnownFileType = text.plist.xml; path = Info.plist; sourceTree = "<group>"; };
		6F20D56A1EC88A3800006977 /* Main.storyboard */ = {isa = PBXFileReference; fileEncoding = 4; lastKnownFileType = file.storyboard; path = Main.storyboard; sourceTree = "<group>"; };
		6F20D56C1EC8902500006977 /* buttonSFX.wav */ = {isa = PBXFileReference; lastKnownFileType = audio.wav; path = buttonSFX.wav; sourceTree = "<group>"; };
		6F20D56D1EC8902500006977 /* LittleIdea.mp3 */ = {isa = PBXFileReference; lastKnownFileType = audio.mp3; path = LittleIdea.mp3; sourceTree = "<group>"; };
		6F20D5701EC8906700006977 /* PuzzleSelectionViewController.swift */ = {isa = PBXFileReference; fileEncoding = 4; lastKnownFileType = sourcecode.swift; name = PuzzleSelectionViewController.swift; path = ../PuzzleSelectionViewController.swift; sourceTree = "<group>"; };
		6F20D5721EC8912700006977 /* ScaleSegue.swift */ = {isa = PBXFileReference; fileEncoding = 4; lastKnownFileType = sourcecode.swift; path = ScaleSegue.swift; sourceTree = "<group>"; };
		6F20D5741EC8926400006977 /* GameViewController.swift */ = {isa = PBXFileReference; fileEncoding = 4; lastKnownFileType = sourcecode.swift; path = GameViewController.swift; sourceTree = "<group>"; };
		6F20D5761EC8926A00006977 /* PuzzleGameViewController.swift */ = {isa = PBXFileReference; fileEncoding = 4; lastKnownFileType = sourcecode.swift; path = PuzzleGameViewController.swift; sourceTree = "<group>"; };
		F022647E1EC9AAB20071BA53 /* Store.swift */ = {isa = PBXFileReference; fileEncoding = 4; lastKnownFileType = sourcecode.swift; path = Store.swift; sourceTree = "<group>"; };
		F02264801EC9E3E50071BA53 /* Gameplay.mp3 */ = {isa = PBXFileReference; lastKnownFileType = audio.mp3; path = Gameplay.mp3; sourceTree = "<group>"; };
		F02264811EC9E3E50071BA53 /* applause.wav */ = {isa = PBXFileReference; lastKnownFileType = audio.wav; path = applause.wav; sourceTree = "<group>"; };
		F02264821EC9E3E50071BA53 /* puzzle-slide.mp3 */ = {isa = PBXFileReference; lastKnownFileType = audio.mp3; path = "puzzle-slide.mp3"; sourceTree = "<group>"; };
		F02264831EC9E3E50071BA53 /* button-click.wav */ = {isa = PBXFileReference; lastKnownFileType = audio.wav; path = "button-click.wav"; sourceTree = "<group>"; };
		F02418221EC99F9D0011ACFE /* StoreListTVC.swift */ = {isa = PBXFileReference; fileEncoding = 4; lastKnownFileType = sourcecode.swift; name = StoreListTVC.swift; path = SolveThePuzzle/StoreListTVC.swift; sourceTree = "<group>"; };
/* End PBXFileReference section */

/* Begin PBXFrameworksBuildPhase section */
		6F20D5311EC889A400006977 /* Frameworks */ = {
			isa = PBXFrameworksBuildPhase;
			buildActionMask = 2147483647;
			files = (
			);
			runOnlyForDeploymentPostprocessing = 0;
		};
		6F20D5481EC889A400006977 /* Frameworks */ = {
			isa = PBXFrameworksBuildPhase;
			buildActionMask = 2147483647;
			files = (
			);
			runOnlyForDeploymentPostprocessing = 0;
		};
		6F20D5531EC889A400006977 /* Frameworks */ = {
			isa = PBXFrameworksBuildPhase;
			buildActionMask = 2147483647;
			files = (
			);
			runOnlyForDeploymentPostprocessing = 0;
		};
/* End PBXFrameworksBuildPhase section */

/* Begin PBXGroup section */
		6F20D52B1EC889A400006977 = {
			isa = PBXGroup;
			children = (
				F02418221EC99F9D0011ACFE /* StoreListTVC.swift */,
				6F20D5361EC889A400006977 /* SolveThePuzzle */,
				6F20D54E1EC889A400006977 /* SolveThePuzzleTests */,
				6F20D5591EC889A400006977 /* SolveThePuzzleUITests */,
				6F20D5351EC889A400006977 /* Products */,
			);
			sourceTree = "<group>";
		};
		6F20D5351EC889A400006977 /* Products */ = {
			isa = PBXGroup;
			children = (
				6F20D5341EC889A400006977 /* SolveThePuzzle.app */,
				6F20D54B1EC889A400006977 /* SolveThePuzzleTests.xctest */,
				6F20D5561EC889A400006977 /* SolveThePuzzleUITests.xctest */,
			);
			name = Products;
			sourceTree = "<group>";
		};
		6F20D5361EC889A400006977 /* SolveThePuzzle */ = {
			isa = PBXGroup;
			children = (
				6F20D5371EC889A400006977 /* AppDelegate.swift */,
				6F20D5391EC889A400006977 /* ViewController.swift */,
				6F20D5741EC8926400006977 /* GameViewController.swift */,
				F022647E1EC9AAB20071BA53 /* Store.swift */,
				6F20D5701EC8906700006977 /* PuzzleSelectionViewController.swift */,
				6F20D5761EC8926A00006977 /* PuzzleGameViewController.swift */,
				6F20D5721EC8912700006977 /* ScaleSegue.swift */,
				6F20D56C1EC8902500006977 /* buttonSFX.wav */,
				6F20D56D1EC8902500006977 /* LittleIdea.mp3 */,
				F02264801EC9E3E50071BA53 /* Gameplay.mp3 */,
				F02264811EC9E3E50071BA53 /* applause.wav */,
				F02264821EC9E3E50071BA53 /* puzzle-slide.mp3 */,
				F02264831EC9E3E50071BA53 /* button-click.wav */,
				6F20D5411EC889A400006977 /* Assets.xcassets */,
				6F20D5431EC889A400006977 /* LaunchScreen.storyboard */,
				6F20D56A1EC88A3800006977 /* Main.storyboard */,
				6F20D5461EC889A400006977 /* Info.plist */,
				6F20D53E1EC889A400006977 /* SolveThePuzzle.xcdatamodeld */,
			);
			path = SolveThePuzzle;
			sourceTree = "<group>";
		};
		6F20D54E1EC889A400006977 /* SolveThePuzzleTests */ = {
			isa = PBXGroup;
			children = (
				6F20D54F1EC889A400006977 /* SolveThePuzzleTests.swift */,
				6F20D5511EC889A400006977 /* Info.plist */,
			);
			path = SolveThePuzzleTests;
			sourceTree = "<group>";
		};
		6F20D5591EC889A400006977 /* SolveThePuzzleUITests */ = {
			isa = PBXGroup;
			children = (
				6F20D55A1EC889A400006977 /* SolveThePuzzleUITests.swift */,
				6F20D55C1EC889A400006977 /* Info.plist */,
			);
			path = SolveThePuzzleUITests;
			sourceTree = "<group>";
		};
/* End PBXGroup section */

/* Begin PBXNativeTarget section */
		6F20D5331EC889A400006977 /* SolveThePuzzle */ = {
			isa = PBXNativeTarget;
			buildConfigurationList = 6F20D55F1EC889A400006977 /* Build configuration list for PBXNativeTarget "SolveThePuzzle" */;
			buildPhases = (
				6F20D5301EC889A400006977 /* Sources */,
				6F20D5311EC889A400006977 /* Frameworks */,
				6F20D5321EC889A400006977 /* Resources */,
			);
			buildRules = (
			);
			dependencies = (
			);
			name = SolveThePuzzle;
			productName = SolveThePuzzle;
			productReference = 6F20D5341EC889A400006977 /* SolveThePuzzle.app */;
			productType = "com.apple.product-type.application";
		};
		6F20D54A1EC889A400006977 /* SolveThePuzzleTests */ = {
			isa = PBXNativeTarget;
			buildConfigurationList = 6F20D5621EC889A400006977 /* Build configuration list for PBXNativeTarget "SolveThePuzzleTests" */;
			buildPhases = (
				6F20D5471EC889A400006977 /* Sources */,
				6F20D5481EC889A400006977 /* Frameworks */,
				6F20D5491EC889A400006977 /* Resources */,
			);
			buildRules = (
			);
			dependencies = (
				6F20D54D1EC889A400006977 /* PBXTargetDependency */,
			);
			name = SolveThePuzzleTests;
			productName = SolveThePuzzleTests;
			productReference = 6F20D54B1EC889A400006977 /* SolveThePuzzleTests.xctest */;
			productType = "com.apple.product-type.bundle.unit-test";
		};
		6F20D5551EC889A400006977 /* SolveThePuzzleUITests */ = {
			isa = PBXNativeTarget;
			buildConfigurationList = 6F20D5651EC889A400006977 /* Build configuration list for PBXNativeTarget "SolveThePuzzleUITests" */;
			buildPhases = (
				6F20D5521EC889A400006977 /* Sources */,
				6F20D5531EC889A400006977 /* Frameworks */,
				6F20D5541EC889A400006977 /* Resources */,
			);
			buildRules = (
			);
			dependencies = (
				6F20D5581EC889A400006977 /* PBXTargetDependency */,
			);
			name = SolveThePuzzleUITests;
			productName = SolveThePuzzleUITests;
			productReference = 6F20D5561EC889A400006977 /* SolveThePuzzleUITests.xctest */;
			productType = "com.apple.product-type.bundle.ui-testing";
		};
/* End PBXNativeTarget section */

/* Begin PBXProject section */
		6F20D52C1EC889A400006977 /* Project object */ = {
			isa = PBXProject;
			attributes = {
				LastSwiftUpdateCheck = 0800;
				LastUpgradeCheck = 0800;
				ORGANIZATIONNAME = "Deakin University";
				TargetAttributes = {
					6F20D5331EC889A400006977 = {
						CreatedOnToolsVersion = 8.0;
						ProvisioningStyle = Automatic;
					};
					6F20D54A1EC889A400006977 = {
						CreatedOnToolsVersion = 8.0;
						ProvisioningStyle = Automatic;
						TestTargetID = 6F20D5331EC889A400006977;
					};
					6F20D5551EC889A400006977 = {
						CreatedOnToolsVersion = 8.0;
						ProvisioningStyle = Automatic;
						TestTargetID = 6F20D5331EC889A400006977;
					};
				};
			};
			buildConfigurationList = 6F20D52F1EC889A400006977 /* Build configuration list for PBXProject "SolveThePuzzle" */;
			compatibilityVersion = "Xcode 3.2";
			developmentRegion = English;
			hasScannedForEncodings = 0;
			knownRegions = (
				en,
				Base,
			);
			mainGroup = 6F20D52B1EC889A400006977;
			productRefGroup = 6F20D5351EC889A400006977 /* Products */;
			projectDirPath = "";
			projectRoot = "";
			targets = (
				6F20D5331EC889A400006977 /* SolveThePuzzle */,
				6F20D54A1EC889A400006977 /* SolveThePuzzleTests */,
				6F20D5551EC889A400006977 /* SolveThePuzzleUITests */,
			);
		};
/* End PBXProject section */

/* Begin PBXResourcesBuildPhase section */
		6F20D5321EC889A400006977 /* Resources */ = {
			isa = PBXResourcesBuildPhase;
			buildActionMask = 2147483647;
			files = (
				F02264851EC9E3E50071BA53 /* applause.wav in Resources */,
				6F20D56B1EC88A3800006977 /* Main.storyboard in Resources */,
				6F20D56F1EC8902500006977 /* LittleIdea.mp3 in Resources */,
				6F20D5451EC889A400006977 /* LaunchScreen.storyboard in Resources */,
				F02264871EC9E3E50071BA53 /* button-click.wav in Resources */,
				6F20D56E1EC8902500006977 /* buttonSFX.wav in Resources */,
				F02264841EC9E3E50071BA53 /* Gameplay.mp3 in Resources */,
				F02264861EC9E3E50071BA53 /* puzzle-slide.mp3 in Resources */,
				6F20D5421EC889A400006977 /* Assets.xcassets in Resources */,
			);
			runOnlyForDeploymentPostprocessing = 0;
		};
		6F20D5491EC889A400006977 /* Resources */ = {
			isa = PBXResourcesBuildPhase;
			buildActionMask = 2147483647;
			files = (
			);
			runOnlyForDeploymentPostprocessing = 0;
		};
		6F20D5541EC889A400006977 /* Resources */ = {
			isa = PBXResourcesBuildPhase;
			buildActionMask = 2147483647;
			files = (
			);
			runOnlyForDeploymentPostprocessing = 0;
		};
/* End PBXResourcesBuildPhase section */

/* Begin PBXSourcesBuildPhase section */
		6F20D5301EC889A400006977 /* Sources */ = {
			isa = PBXSourcesBuildPhase;
			buildActionMask = 2147483647;
			files = (
				6F20D5731EC8912700006977 /* ScaleSegue.swift in Sources */,
				6F20D53A1EC889A400006977 /* ViewController.swift in Sources */,
				6F20D5711EC8906700006977 /* PuzzleSelectionViewController.swift in Sources */,
				F022647F1EC9AAB20071BA53 /* Store.swift in Sources */,
				6F20D5381EC889A400006977 /* AppDelegate.swift in Sources */,
				6F20D5751EC8926400006977 /* GameViewController.swift in Sources */,
				6F20D5771EC8926A00006977 /* PuzzleGameViewController.swift in Sources */,
				6F20D5401EC889A400006977 /* SolveThePuzzle.xcdatamodeld in Sources */,
				F02418231EC99F9D0011ACFE /* StoreListTVC.swift in Sources */,
			);
			runOnlyForDeploymentPostprocessing = 0;
		};
		6F20D5471EC889A400006977 /* Sources */ = {
			isa = PBXSourcesBuildPhase;
			buildActionMask = 2147483647;
			files = (
				6F20D5501EC889A400006977 /* SolveThePuzzleTests.swift in Sources */,
			);
			runOnlyForDeploymentPostprocessing = 0;
		};
		6F20D5521EC889A400006977 /* Sources */ = {
			isa = PBXSourcesBuildPhase;
			buildActionMask = 2147483647;
			files = (
				6F20D55B1EC889A400006977 /* SolveThePuzzleUITests.swift in Sources */,
			);
			runOnlyForDeploymentPostprocessing = 0;
		};
/* End PBXSourcesBuildPhase section */

/* Begin PBXTargetDependency section */
		6F20D54D1EC889A400006977 /* PBXTargetDependency */ = {
			isa = PBXTargetDependency;
			target = 6F20D5331EC889A400006977 /* SolveThePuzzle */;
			targetProxy = 6F20D54C1EC889A400006977 /* PBXContainerItemProxy */;
		};
		6F20D5581EC889A400006977 /* PBXTargetDependency */ = {
			isa = PBXTargetDependency;
			target = 6F20D5331EC889A400006977 /* SolveThePuzzle */;
			targetProxy = 6F20D5571EC889A400006977 /* PBXContainerItemProxy */;
		};
/* End PBXTargetDependency section */

/* Begin PBXVariantGroup section */
		6F20D5431EC889A400006977 /* LaunchScreen.storyboard */ = {
			isa = PBXVariantGroup;
			children = (
				6F20D5441EC889A400006977 /* Base */,
			);
			name = LaunchScreen.storyboard;
			sourceTree = "<group>";
		};
/* End PBXVariantGroup section */

/* Begin XCBuildConfiguration section */
		6F20D55D1EC889A400006977 /* Debug */ = {
			isa = XCBuildConfiguration;
			buildSettings = {
				ALWAYS_SEARCH_USER_PATHS = NO;
				CLANG_ANALYZER_NONNULL = YES;
				CLANG_CXX_LANGUAGE_STANDARD = "gnu++0x";
				CLANG_CXX_LIBRARY = "libc++";
				CLANG_ENABLE_MODULES = YES;
				CLANG_ENABLE_OBJC_ARC = YES;
				CLANG_WARN_BOOL_CONVERSION = YES;
				CLANG_WARN_CONSTANT_CONVERSION = YES;
				CLANG_WARN_DIRECT_OBJC_ISA_USAGE = YES_ERROR;
				CLANG_WARN_DOCUMENTATION_COMMENTS = YES;
				CLANG_WARN_EMPTY_BODY = YES;
				CLANG_WARN_ENUM_CONVERSION = YES;
				CLANG_WARN_INFINITE_RECURSION = YES;
				CLANG_WARN_INT_CONVERSION = YES;
				CLANG_WARN_OBJC_ROOT_CLASS = YES_ERROR;
				CLANG_WARN_SUSPICIOUS_MOVES = YES;
				CLANG_WARN_UNREACHABLE_CODE = YES;
				CLANG_WARN__DUPLICATE_METHOD_MATCH = YES;
				"CODE_SIGN_IDENTITY[sdk=iphoneos*]" = "iPhone Developer";
				COPY_PHASE_STRIP = NO;
				DEBUG_INFORMATION_FORMAT = dwarf;
				ENABLE_STRICT_OBJC_MSGSEND = YES;
				ENABLE_TESTABILITY = YES;
				GCC_C_LANGUAGE_STANDARD = gnu99;
				GCC_DYNAMIC_NO_PIC = NO;
				GCC_NO_COMMON_BLOCKS = YES;
				GCC_OPTIMIZATION_LEVEL = 0;
				GCC_PREPROCESSOR_DEFINITIONS = (
					"DEBUG=1",
					"$(inherited)",
				);
				GCC_WARN_64_TO_32_BIT_CONVERSION = YES;
				GCC_WARN_ABOUT_RETURN_TYPE = YES_ERROR;
				GCC_WARN_UNDECLARED_SELECTOR = YES;
				GCC_WARN_UNINITIALIZED_AUTOS = YES_AGGRESSIVE;
				GCC_WARN_UNUSED_FUNCTION = YES;
				GCC_WARN_UNUSED_VARIABLE = YES;
				IPHONEOS_DEPLOYMENT_TARGET = 8.1;
				MTL_ENABLE_DEBUG_INFO = YES;
				ONLY_ACTIVE_ARCH = YES;
				SDKROOT = iphoneos;
				SWIFT_ACTIVE_COMPILATION_CONDITIONS = DEBUG;
				SWIFT_OPTIMIZATION_LEVEL = "-Onone";
			};
			name = Debug;
		};
		6F20D55E1EC889A400006977 /* Release */ = {
			isa = XCBuildConfiguration;
			buildSettings = {
				ALWAYS_SEARCH_USER_PATHS = NO;
				CLANG_ANALYZER_NONNULL = YES;
				CLANG_CXX_LANGUAGE_STANDARD = "gnu++0x";
				CLANG_CXX_LIBRARY = "libc++";
				CLANG_ENABLE_MODULES = YES;
				CLANG_ENABLE_OBJC_ARC = YES;
				CLANG_WARN_BOOL_CONVERSION = YES;
				CLANG_WARN_CONSTANT_CONVERSION = YES;
				CLANG_WARN_DIRECT_OBJC_ISA_USAGE = YES_ERROR;
				CLANG_WARN_DOCUMENTATION_COMMENTS = YES;
				CLANG_WARN_EMPTY_BODY = YES;
				CLANG_WARN_ENUM_CONVERSION = YES;
				CLANG_WARN_INFINITE_RECURSION = YES;
				CLANG_WARN_INT_CONVERSION = YES;
				CLANG_WARN_OBJC_ROOT_CLASS = YES_ERROR;
				CLANG_WARN_SUSPICIOUS_MOVES = YES;
				CLANG_WARN_UNREACHABLE_CODE = YES;
				CLANG_WARN__DUPLICATE_METHOD_MATCH = YES;
				"CODE_SIGN_IDENTITY[sdk=iphoneos*]" = "iPhone Developer";
				COPY_PHASE_STRIP = NO;
				DEBUG_INFORMATION_FORMAT = "dwarf-with-dsym";
				ENABLE_NS_ASSERTIONS = NO;
				ENABLE_STRICT_OBJC_MSGSEND = YES;
				GCC_C_LANGUAGE_STANDARD = gnu99;
				GCC_NO_COMMON_BLOCKS = YES;
				GCC_WARN_64_TO_32_BIT_CONVERSION = YES;
				GCC_WARN_ABOUT_RETURN_TYPE = YES_ERROR;
				GCC_WARN_UNDECLARED_SELECTOR = YES;
				GCC_WARN_UNINITIALIZED_AUTOS = YES_AGGRESSIVE;
				GCC_WARN_UNUSED_FUNCTION = YES;
				GCC_WARN_UNUSED_VARIABLE = YES;
				IPHONEOS_DEPLOYMENT_TARGET = 8.1;
				MTL_ENABLE_DEBUG_INFO = NO;
				SDKROOT = iphoneos;
				SWIFT_OPTIMIZATION_LEVEL = "-Owholemodule";
				VALIDATE_PRODUCT = YES;
			};
			name = Release;
		};
		6F20D5601EC889A400006977 /* Debug */ = {
			isa = XCBuildConfiguration;
			buildSettings = {
				ASSETCATALOG_COMPILER_APPICON_NAME = AppIcon;
				INFOPLIST_FILE = SolveThePuzzle/Info.plist;
				LD_RUNPATH_SEARCH_PATHS = "$(inherited) @executable_path/Frameworks";
				PRODUCT_BUNDLE_IDENTIFIER = com.sit305.SolveThePuzzle;
				PRODUCT_NAME = "$(TARGET_NAME)";
				SWIFT_VERSION = 3.0;
			};
			name = Debug;
		};
		6F20D5611EC889A400006977 /* Release */ = {
			isa = XCBuildConfiguration;
			buildSettings = {
				ASSETCATALOG_COMPILER_APPICON_NAME = AppIcon;
				INFOPLIST_FILE = SolveThePuzzle/Info.plist;
				LD_RUNPATH_SEARCH_PATHS = "$(inherited) @executable_path/Frameworks";
				PRODUCT_BUNDLE_IDENTIFIER = com.sit305.SolveThePuzzle;
				PRODUCT_NAME = "$(TARGET_NAME)";
				SWIFT_VERSION = 3.0;
			};
			name = Release;
		};
		6F20D5631EC889A400006977 /* Debug */ = {
			isa = XCBuildConfiguration;
			buildSettings = {
				ALWAYS_EMBED_SWIFT_STANDARD_LIBRARIES = YES;
				BUNDLE_LOADER = "$(TEST_HOST)";
				INFOPLIST_FILE = SolveThePuzzleTests/Info.plist;
				LD_RUNPATH_SEARCH_PATHS = "$(inherited) @executable_path/Frameworks @loader_path/Frameworks";
				PRODUCT_BUNDLE_IDENTIFIER = com.sit305.SolveThePuzzleTests;
				PRODUCT_NAME = "$(TARGET_NAME)";
				SWIFT_VERSION = 3.0;
				TEST_HOST = "$(BUILT_PRODUCTS_DIR)/SolveThePuzzle.app/SolveThePuzzle";
			};
			name = Debug;
		};
		6F20D5641EC889A400006977 /* Release */ = {
			isa = XCBuildConfiguration;
			buildSettings = {
				ALWAYS_EMBED_SWIFT_STANDARD_LIBRARIES = YES;
				BUNDLE_LOADER = "$(TEST_HOST)";
				INFOPLIST_FILE = SolveThePuzzleTests/Info.plist;
				LD_RUNPATH_SEARCH_PATHS = "$(inherited) @executable_path/Frameworks @loader_path/Frameworks";
				PRODUCT_BUNDLE_IDENTIFIER = com.sit305.SolveThePuzzleTests;
				PRODUCT_NAME = "$(TARGET_NAME)";
				SWIFT_VERSION = 3.0;
				TEST_HOST = "$(BUILT_PRODUCTS_DIR)/SolveThePuzzle.app/SolveThePuzzle";
			};
			name = Release;
		};
		6F20D5661EC889A400006977 /* Debug */ = {
			isa = XCBuildConfiguration;
			buildSettings = {
				ALWAYS_EMBED_SWIFT_STANDARD_LIBRARIES = YES;
				INFOPLIST_FILE = SolveThePuzzleUITests/Info.plist;
				LD_RUNPATH_SEARCH_PATHS = "$(inherited) @executable_path/Frameworks @loader_path/Frameworks";
				PRODUCT_BUNDLE_IDENTIFIER = com.sit305.SolveThePuzzleUITests;
				PRODUCT_NAME = "$(TARGET_NAME)";
				SWIFT_VERSION = 3.0;
				TEST_TARGET_NAME = SolveThePuzzle;
			};
			name = Debug;
		};
		6F20D5671EC889A400006977 /* Release */ = {
			isa = XCBuildConfiguration;
			buildSettings = {
				ALWAYS_EMBED_SWIFT_STANDARD_LIBRARIES = YES;
				INFOPLIST_FILE = SolveThePuzzleUITests/Info.plist;
				LD_RUNPATH_SEARCH_PATHS = "$(inherited) @executable_path/Frameworks @loader_path/Frameworks";
				PRODUCT_BUNDLE_IDENTIFIER = com.sit305.SolveThePuzzleUITests;
				PRODUCT_NAME = "$(TARGET_NAME)";
				SWIFT_VERSION = 3.0;
				TEST_TARGET_NAME = SolveThePuzzle;
			};
			name = Release;
		};
/* End XCBuildConfiguration section */

/* Begin XCConfigurationList section */
		6F20D52F1EC889A400006977 /* Build configuration list for PBXProject "SolveThePuzzle" */ = {
			isa = XCConfigurationList;
			buildConfigurations = (
				6F20D55D1EC889A400006977 /* Debug */,
				6F20D55E1EC889A400006977 /* Release */,
			);
			defaultConfigurationIsVisible = 0;
			defaultConfigurationName = Release;
		};
		6F20D55F1EC889A400006977 /* Build configuration list for PBXNativeTarget "SolveThePuzzle" */ = {
			isa = XCConfigurationList;
			buildConfigurations = (
				6F20D5601EC889A400006977 /* Debug */,
				6F20D5611EC889A400006977 /* Release */,
			);
			defaultConfigurationIsVisible = 0;
			defaultConfigurationName = Release;
		};
		6F20D5621EC889A400006977 /* Build configuration list for PBXNativeTarget "SolveThePuzzleTests" */ = {
			isa = XCConfigurationList;
			buildConfigurations = (
				6F20D5631EC889A400006977 /* Debug */,
				6F20D5641EC889A400006977 /* Release */,
			);
			defaultConfigurationIsVisible = 0;
			defaultConfigurationName = Release;
		};
		6F20D5651EC889A400006977 /* Build configuration list for PBXNativeTarget "SolveThePuzzleUITests" */ = {
			isa = XCConfigurationList;
			buildConfigurations = (
				6F20D5661EC889A400006977 /* Debug */,
				6F20D5671EC889A400006977 /* Release */,
			);
			defaultConfigurationIsVisible = 0;
			defaultConfigurationName = Release;
		};
/* End XCConfigurationList section */

/* Begin XCVersionGroup section */
		6F20D53E1EC889A400006977 /* SolveThePuzzle.xcdatamodeld */ = {
			isa = XCVersionGroup;
			children = (
				6F20D53F1EC889A400006977 /* SolveThePuzzle.xcdatamodel */,
			);
			currentVersion = 6F20D53F1EC889A400006977 /* SolveThePuzzle.xcdatamodel */;
			path = SolveThePuzzle.xcdatamodeld;
			sourceTree = "<group>";
			versionGroupType = wrapper.xcdatamodel;
		};
/* End XCVersionGroup section */
	};
	rootObject = 6F20D52C1EC889A400006977 /* Project object */;
}
